
Microsoft Visual Studio Solution File, Format Version 12.00
# Visual Studio Version 17
VisualStudioVersion = 17.0.32126.317
MinimumVisualStudioVersion = 10.0.40219.1
Project("{FAE04EC0-301F-11D3-BF4B-00C04F79EFBC}") = "CRUD-Persona", "CRUD-Persona\CRUD-Persona.csproj", "{DA2DF6DF-A89C-4AE8-AFF3-25B997F45EB2}"
EndProject
Global
	GlobalSection(SolutionConfigurationPlatforms) = preSolution
		Debug|Any CPU = Debug|Any CPU
		Release|Any CPU = Release|Any CPU
	EndGlobalSection
	GlobalSection(ProjectConfigurationPlatforms) = postSolution
		{DA2DF6DF-A89C-4AE8-AFF3-25B997F45EB2}.Debug|Any CPU.ActiveCfg = Debug|Any CPU
		{DA2DF6DF-A89C-4AE8-AFF3-25B997F45EB2}.Debug|Any CPU.Build.0 = Debug|Any CPU
		{DA2DF6DF-A89C-4AE8-AFF3-25B997F45EB2}.Release|Any CPU.ActiveCfg = Release|Any CPU
		{DA2DF6DF-A89C-4AE8-AFF3-25B997F45EB2}.Release|Any CPU.Build.0 = Release|Any CPU
	EndGlobalSection
	GlobalSection(SolutionProperties) = preSolution
		HideSolutionNode = FALSE
	EndGlobalSection
	GlobalSection(ExtensibilityGlobals) = postSolution
		SolutionGuid = {2EF5ABAE-3AF9-420A-BA02-C10D3838AB37}
	EndGlobalSection
EndGlobal
